{
  "name": "kairos-new",
  "lockfileVersion": 3,
  "requires": true,
  "packages": {
    "": {
      "devDependencies": {
        "@types/culori": "^4.0.0"
      }
    },
    "node_modules/@types/culori": {
      "version": "4.0.0",
      "resolved": "https://registry.npmjs.org/@types/culori/-/culori-4.0.0.tgz",
      "integrity": "sha512-aFljQwjb++sl6TAyEXeHTiK/fk9epZOQ+nMmadjnAvzZFIvNoQ0x8XQYfcOaRTBwmDUPUlghhZCJ66MTcqQAsg==",
      "dev": true,
      "license": "MIT"
    }
  }
}
